
Microsoft Visual Studio Solution File, Format Version 12.00
# Visual Studio 15
VisualStudioVersion = 15.0.27004.2006
MinimumVisualStudioVersion = 10.0.40219.1
Project("{E24C65DC-7377-472B-9ABA-BC803B73C61A}") = "stWebsite", "stWebsite\", "{07771D9D-5DD9-48F5-86BC-DD8E0D247E6D}"
	ProjectSection(WebsiteProperties) = preProject
		TargetFrameworkMoniker = ".NETFramework,Version%3Dv4.6.1"
		ProjectReferences = "{af28b9ee-fe38-45d7-88fc-9b68b501fba2}|st.Data.dll;{3627ab0d-9448-42a2-8bc2-2dc196d2d999}|stSystem.dll;"
		Debug.AspNetCompiler.VirtualPath = "/localhost_44471"
		Debug.AspNetCompiler.PhysicalPath = "stWebsite\"
		Debug.AspNetCompiler.TargetPath = "PrecompiledWeb\localhost_44471\"
		Debug.AspNetCompiler.Updateable = "true"
		Debug.AspNetCompiler.ForceOverwrite = "true"
		Debug.AspNetCompiler.FixedNames = "false"
		Debug.AspNetCompiler.Debug = "True"
		Release.AspNetCompiler.VirtualPath = "/localhost_44471"
		Release.AspNetCompiler.PhysicalPath = "stWebsite\"
		Release.AspNetCompiler.TargetPath = "PrecompiledWeb\localhost_44471\"
		Release.AspNetCompiler.Updateable = "true"
		Release.AspNetCompiler.ForceOverwrite = "true"
		Release.AspNetCompiler.FixedNames = "false"
		Release.AspNetCompiler.Debug = "False"
		VWDPort = "44471"
		SlnRelativePath = "stWebsite\"
		DefaultWebSiteLanguage = "Visual C#"
	EndProjectSection
EndProject
Project("{FAE04EC0-301F-11D3-BF4B-00C04F79EFBC}") = "st.Data", "st.Data\st.Data.csproj", "{AF28B9EE-FE38-45D7-88FC-9B68B501FBA2}"
EndProject
Project("{FAE04EC0-301F-11D3-BF4B-00C04F79EFBC}") = "stSystem", "stSystem\stSystem.csproj", "{3627AB0D-9448-42A2-8BC2-2DC196D2D999}"
EndProject
Global
	GlobalSection(SolutionConfigurationPlatforms) = preSolution
		Debug|Any CPU = Debug|Any CPU
		Release|Any CPU = Release|Any CPU
	EndGlobalSection
	GlobalSection(ProjectConfigurationPlatforms) = postSolution
		{07771D9D-5DD9-48F5-86BC-DD8E0D247E6D}.Debug|Any CPU.ActiveCfg = Debug|Any CPU
		{07771D9D-5DD9-48F5-86BC-DD8E0D247E6D}.Debug|Any CPU.Build.0 = Debug|Any CPU
		{07771D9D-5DD9-48F5-86BC-DD8E0D247E6D}.Release|Any CPU.ActiveCfg = Debug|Any CPU
		{07771D9D-5DD9-48F5-86BC-DD8E0D247E6D}.Release|Any CPU.Build.0 = Debug|Any CPU
		{AF28B9EE-FE38-45D7-88FC-9B68B501FBA2}.Debug|Any CPU.ActiveCfg = Debug|Any CPU
		{AF28B9EE-FE38-45D7-88FC-9B68B501FBA2}.Debug|Any CPU.Build.0 = Debug|Any CPU
		{AF28B9EE-FE38-45D7-88FC-9B68B501FBA2}.Release|Any CPU.ActiveCfg = Release|Any CPU
		{AF28B9EE-FE38-45D7-88FC-9B68B501FBA2}.Release|Any CPU.Build.0 = Release|Any CPU
		{3627AB0D-9448-42A2-8BC2-2DC196D2D999}.Debug|Any CPU.ActiveCfg = Debug|Any CPU
		{3627AB0D-9448-42A2-8BC2-2DC196D2D999}.Debug|Any CPU.Build.0 = Debug|Any CPU
		{3627AB0D-9448-42A2-8BC2-2DC196D2D999}.Release|Any CPU.ActiveCfg = Release|Any CPU
		{3627AB0D-9448-42A2-8BC2-2DC196D2D999}.Release|Any CPU.Build.0 = Release|Any CPU
	EndGlobalSection
	GlobalSection(SolutionProperties) = preSolution
		HideSolutionNode = FALSE
	EndGlobalSection
	GlobalSection(ExtensibilityGlobals) = postSolution
		SolutionGuid = {F9D3B1B6-C341-47E9-9696-1402822CEEF4}
	EndGlobalSection
EndGlobal
